{
  "lockfileVersion": 2,
  "configVersion": 1,
  "workspaces": {
    "": {
      "name": "ultrathink",
      "devDependencies": {
        "@oh-my-pi/pi-ai": "^18.8.0",
        "@oh-my-pi/pi-catalog": "^18.8.0",
        "@types/bun": "^1.4.0",
      },
    },
  },
  "packages": {
    "@oh-my-pi/omptype": ["@oh-my-pi/omptype@18.8.3", "", {}, "sha512-iRdIdHlXiHkRhtJvsGfWL8bONK1ZPrwpYc8qz4xvFu95wKdH6A5XozJtc4OwfJ9QgO7Jbw5AuMsPeaiqSaX6mg=="],

    "@oh-my-pi/pi-ai": ["@oh-my-pi/pi-ai@18.8.3", "", { "dependencies": { "@oh-my-pi/omptype": "18.8.3", "@oh-my-pi/pi-catalog": "18.8.3", "@oh-my-pi/pi-natives": "18.8.3", "@oh-my-pi/pi-utils": "18.8.3", "@oh-my-pi/pi-wire": "18.8.3" } }, "sha512-ASzX5eI5tfL2DirIbgCZ3KU4iop776v1zHCQjfAoGCKYFXZqSa/Z5s2ZyNacjnBZWIAhxrt7ZlsReqwR14KsGQ=="],

    "@oh-my-pi/pi-catalog": ["@oh-my-pi/pi-catalog@18.8.3", "", { "dependencies": { "@oh-my-pi/omptype": "18.8.3", "@oh-my-pi/pi-utils": "18.8.3" } }, "sha512-kU0fYUjimun8Bxg5MeTiWC+O5mQoJpbW+VAiXloMZHBMnMtnNh3io8TNKWT6Azs4QgUgDRXMDda7TvFnX19BCQ=="],

    "@oh-my-pi/pi-natives": ["@oh-my-pi/pi-natives@18.8.3", "", { "optionalDependencies": { "@oh-my-pi/pi-natives-darwin-arm64": "18.8.3", "@oh-my-pi/pi-natives-darwin-x64": "18.8.3", "@oh-my-pi/pi-natives-linux-arm64": "18.8.3", "@oh-my-pi/pi-natives-linux-x64": "18.8.3", "@oh-my-pi/pi-natives-win32-arm64": "18.8.3", "@oh-my-pi/pi-natives-win32-x64": "18.8.3" } }, "sha512-mVYc/3CJ7m8Qhot94ILRMzgXpw6U5yPYqgdaIEAkObrtCA8xOtmv745br7f+yVFVCF1xgE9YeEGsiLwGcGablg=="],

    "@oh-my-pi/pi-natives-darwin-arm64": ["@oh-my-pi/pi-natives-darwin-arm64@18.8.3", "", { "os": "darwin", "cpu": "arm64" }, "sha512-qiu9/Nbnvl0i34q8yEqq1qYQZO1nxHEidE/iMoMFIEHGjZfJE5BGQpa3hlCuDqfIB/31m6di3692HnleHuEr+A=="],

    "@oh-my-pi/pi-natives-darwin-x64": ["@oh-my-pi/pi-natives-darwin-x64@18.8.3", "", { "os": "darwin", "cpu": "x64" }, "sha512-j/z2/RrZRiIs1HTIaTGgpUibhuiaIF2cHBufHqRzUBNg6xRjkfoF683rUmsVswLsPFQGJHnNBDa8KrhOn+z/OQ=="],

    "@oh-my-pi/pi-natives-linux-arm64": ["@oh-my-pi/pi-natives-linux-arm64@18.8.3", "", { "os": "linux", "cpu": "arm64" }, "sha512-6vT1Z7PH2mulj7S6H9ogJobR044zTd/iy1wyruIwmQumjzdfruXzJbJ09yDdGjk32wRp7POvO0+gzACNY+abzg=="],

    "@oh-my-pi/pi-natives-linux-x64": ["@oh-my-pi/pi-natives-linux-x64@18.8.3", "", { "os": "linux", "cpu": "x64" }, "sha512-BuYScTM0C+lxdVqOI1fX8etrXAeddkoSeW6sQrgjOTtLajwJlAA8fQkq3V1aU6sc0O+BHu/BD6HrRTOecJHm8w=="],

    "@oh-my-pi/pi-natives-win32-arm64": ["@oh-my-pi/pi-natives-win32-arm64@18.8.3", "", { "os": "win32", "cpu": "arm64" }, "sha512-4Jp7Tw25LJ+9ZCPKDJaba/vXGfIk6ZHvdnCB+Yjnn7QN756vmE8WpZdA4Ak1jw4GzsdQxRRbLNOHS7j6VAmOrQ=="],

    "@oh-my-pi/pi-natives-win32-x64": ["@oh-my-pi/pi-natives-win32-x64@18.8.3", "", { "os": "win32", "cpu": "x64" }, "sha512-Fwe8jalB0rNpA2JI87s09SVnVD+QF+wPhFHTneZJlULSKvdnF6A84Bp2IoyE06G05r7TJBx+5yXmxSdYxtD/8A=="],

    "@oh-my-pi/pi-utils": ["@oh-my-pi/pi-utils@18.8.3", "", { "dependencies": { "@oh-my-pi/pi-natives": "18.8.3" } }, "sha512-XaxgCiFEzy3ZsOFEuBoAxMX2NhRlme9a8xaijatt1SmCgkve8LD6/YAybbwKVtLkY72MJfnZM1Gi350S3CKkeA=="],

    "@oh-my-pi/pi-wire": ["@oh-my-pi/pi-wire@18.8.3", "", {}, "sha512-pydnZ/PhMz9KHLvK4glrP//tLt3+uXLSCSPa3njxpmc54CHhfsle+b134s8k5UjsMRpcTPqL9b3NHwwLGWIwrg=="],

    "@types/bun": ["@types/bun@1.4.2", "", { "dependencies": { "bun-types": "1.4.2" } }, "sha512-GimotNn7+ZV0uVArItBbriZsR1oNf0+WTzPkdcFrzShI7k2norL0uzEaJT8T33dWr7O/c9ZDuAFQrctKCi72oQ=="],

    "@types/node": ["@types/node@26.6.1", "", { "dependencies": { "undici-types": "~8.9.0" } }, "sha512-VqGJBMCtdhqkBUCcBLvywI0NJ+KLuVzgNnlBUNFOQjqVxzo2lxLUNg1DSey8+u2u6ktswSAxg+s68QLzWHNOuA=="],

    "bun-types": ["bun-types@1.4.2", "", { "dependencies": { "@types/node": "*" } }, "sha512-bxV1FgK7yBIzjRe5zBozIM4Bem11ZJcCXSrjWRG3YWLt8yFDePu4cLjpebO8OvPeIE9trbyPF4fuj3Cia4Fj3w=="],

    "undici-types": ["undici-types@8.9.0", "", {}, "sha512-KTDyRTYX8sWmKXAikPHHSyc63CRPETMctyjKFupcC6OBLXT3xsN0e9aF7m+mIXutFWpUXuedtowG7iLOzp0kQg=="],
  }
}
